
Microsoft Visual Studio Solution File, Format Version 12.00
# Visual Studio Version 17
VisualStudioVersion = 17.10.35122.118
MinimumVisualStudioVersion = 10.0.40219.1
Project("{2150E333-8FDC-42A3-9474-1A3956D46DE8}") = "1 - Application", "1 - Application", "{D1A79A04-BCB5-4ED1-97BB-AC9357958541}"
EndProject
Project("{2150E333-8FDC-42A3-9474-1A3956D46DE8}") = "2 - Service", "2 - Service", "{9816E52A-593E-4E2E-9677-B2207089B603}"
EndProject
Project("{2150E333-8FDC-42A3-9474-1A3956D46DE8}") = "3 - Infra", "3 - Infra", "{24FEC529-C666-4BDD-90E7-605F16DD502B}"
EndProject
Project("{2150E333-8FDC-42A3-9474-1A3956D46DE8}") = "3.1 - Data", "3.1 - Data", "{35F6B4FB-8822-4A1D-A70F-906ED4AFFFE5}"
EndProject
Project("{2150E333-8FDC-42A3-9474-1A3956D46DE8}") = "3.2  - Cache", "3.2  - Cache", "{6370A39D-42F6-4BE5-A6FF-0B043F2CE663}"
EndProject
Project("{2150E333-8FDC-42A3-9474-1A3956D46DE8}") = "4 - Domain", "4 - Domain", "{0B9CB250-F2E4-4F05-A751-936B450B51B6}"
EndProject
Project("{9A19103F-16F7-4668-BE54-9A1E7A4F7556}") = "Poc.NotifyOrchestrator.EntityFramework", "Poc.NotifyOrchestrator.EntityFramework\Poc.NotifyOrchestrator.EntityFramework.csproj", "{39B074BB-2E01-42DC-8109-B43E496BC95F}"
EndProject
Project("{9A19103F-16F7-4668-BE54-9A1E7A4F7556}") = "Poc.NotifyOrchestrator.Domain", "Poc.NotifyOrchestrator.Domain\Poc.NotifyOrchestrator.Domain.csproj", "{6D992ADE-967B-45BF-9F8A-1AA3E7186DFB}"
EndProject
Project("{9A19103F-16F7-4668-BE54-9A1E7A4F7556}") = "Poc.NotifyOrchestrator.Service", "Poc.NotifyOrchestrator.Service\Poc.NotifyOrchestrator.Service.csproj", "{A65BF468-6CFC-4941-AE89-0B754611580D}"
EndProject
Project("{9A19103F-16F7-4668-BE54-9A1E7A4F7556}") = "Poc.NotifyOrchestrator.Worker", "Poc.NotifyOrchestrator.Worker\Poc.NotifyOrchestrator.Worker.csproj", "{6C80CAFC-6640-4FD4-946A-1173873BBDE1}"
EndProject
Project("{9A19103F-16F7-4668-BE54-9A1E7A4F7556}") = "Poc.NotifyOrchestrator.Cache", "Poc.NotifyOrchestrator.Cache\Poc.NotifyOrchestrator.Cache.csproj", "{DE28C7B9-EF74-46A1-9E71-49CCFEC09110}"
EndProject
Global
	GlobalSection(SolutionConfigurationPlatforms) = preSolution
		Debug|Any CPU = Debug|Any CPU
		Release|Any CPU = Release|Any CPU
	EndGlobalSection
	GlobalSection(ProjectConfigurationPlatforms) = postSolution
		{39B074BB-2E01-42DC-8109-B43E496BC95F}.Debug|Any CPU.ActiveCfg = Debug|Any CPU
		{39B074BB-2E01-42DC-8109-B43E496BC95F}.Debug|Any CPU.Build.0 = Debug|Any CPU
		{39B074BB-2E01-42DC-8109-B43E496BC95F}.Release|Any CPU.ActiveCfg = Release|Any CPU
		{39B074BB-2E01-42DC-8109-B43E496BC95F}.Release|Any CPU.Build.0 = Release|Any CPU
		{6D992ADE-967B-45BF-9F8A-1AA3E7186DFB}.Debug|Any CPU.ActiveCfg = Debug|Any CPU
		{6D992ADE-967B-45BF-9F8A-1AA3E7186DFB}.Debug|Any CPU.Build.0 = Debug|Any CPU
		{6D992ADE-967B-45BF-9F8A-1AA3E7186DFB}.Release|Any CPU.ActiveCfg = Release|Any CPU
		{6D992ADE-967B-45BF-9F8A-1AA3E7186DFB}.Release|Any CPU.Build.0 = Release|Any CPU
		{A65BF468-6CFC-4941-AE89-0B754611580D}.Debug|Any CPU.ActiveCfg = Debug|Any CPU
		{A65BF468-6CFC-4941-AE89-0B754611580D}.Debug|Any CPU.Build.0 = Debug|Any CPU
		{A65BF468-6CFC-4941-AE89-0B754611580D}.Release|Any CPU.ActiveCfg = Release|Any CPU
		{A65BF468-6CFC-4941-AE89-0B754611580D}.Release|Any CPU.Build.0 = Release|Any CPU
		{6C80CAFC-6640-4FD4-946A-1173873BBDE1}.Debug|Any CPU.ActiveCfg = Debug|Any CPU
		{6C80CAFC-6640-4FD4-946A-1173873BBDE1}.Debug|Any CPU.Build.0 = Debug|Any CPU
		{6C80CAFC-6640-4FD4-946A-1173873BBDE1}.Release|Any CPU.ActiveCfg = Release|Any CPU
		{6C80CAFC-6640-4FD4-946A-1173873BBDE1}.Release|Any CPU.Build.0 = Release|Any CPU
		{DE28C7B9-EF74-46A1-9E71-49CCFEC09110}.Debug|Any CPU.ActiveCfg = Debug|Any CPU
		{DE28C7B9-EF74-46A1-9E71-49CCFEC09110}.Debug|Any CPU.Build.0 = Debug|Any CPU
		{DE28C7B9-EF74-46A1-9E71-49CCFEC09110}.Release|Any CPU.ActiveCfg = Release|Any CPU
		{DE28C7B9-EF74-46A1-9E71-49CCFEC09110}.Release|Any CPU.Build.0 = Release|Any CPU
	EndGlobalSection
	GlobalSection(SolutionProperties) = preSolution
		HideSolutionNode = FALSE
	EndGlobalSection
	GlobalSection(NestedProjects) = preSolution
		{35F6B4FB-8822-4A1D-A70F-906ED4AFFFE5} = {24FEC529-C666-4BDD-90E7-605F16DD502B}
		{6370A39D-42F6-4BE5-A6FF-0B043F2CE663} = {24FEC529-C666-4BDD-90E7-605F16DD502B}
		{39B074BB-2E01-42DC-8109-B43E496BC95F} = {35F6B4FB-8822-4A1D-A70F-906ED4AFFFE5}
		{6D992ADE-967B-45BF-9F8A-1AA3E7186DFB} = {0B9CB250-F2E4-4F05-A751-936B450B51B6}
		{A65BF468-6CFC-4941-AE89-0B754611580D} = {9816E52A-593E-4E2E-9677-B2207089B603}
		{6C80CAFC-6640-4FD4-946A-1173873BBDE1} = {D1A79A04-BCB5-4ED1-97BB-AC9357958541}
		{DE28C7B9-EF74-46A1-9E71-49CCFEC09110} = {6370A39D-42F6-4BE5-A6FF-0B043F2CE663}
	EndGlobalSection
	GlobalSection(ExtensibilityGlobals) = postSolution
		SolutionGuid = {B8097B3A-B5C7-4A4F-B00B-AA1F39ABC35F}
	EndGlobalSection
EndGlobal
